#MicroXplorer Configuration settings - do not modify
ADC1.Channel-2\#ChannelRegularConversion=ADC_CHANNEL_0
ADC1.CommonPathInternal=ADC_INTERNAL_NONE
ADC1.IPParameters=Rank-2\#ChannelRegularConversion,Channel-2\#ChannelRegularConversion,SamplingTime-2\#ChannelRegularConversion,OffsetNumber-2\#ChannelRegularConversion,NbrOfConversionFlag,master,CommonPathInternal
ADC1.NbrOfConversionFlag=1
ADC1.OffsetNumber-2\#ChannelRegularConversion=ADC_OFFSET_NONE
ADC1.Rank-2\#ChannelRegularConversion=1
ADC1.SamplingTime-2\#ChannelRegularConversion=ADC_SAMPLETIME_1CYCLE_5
ADC1.master=1
ANA0.Signal=ADCx_INP0
ANA1.Signal=ADCx_INP1
BootLoader.IPs=DDR,RCC
BootROM.IPs=RCC
CortexA7NS.IPs=BSEC,DDR\:I,ETZPC,HSEM\:I,IPCC\:I,PWR,RCC\:I,RTC,TAMP\:I,DMA\:I,GIC,ADC1\:I,ADC2\:I,DAC1\:I,ETH1\:I,FDCAN1\:I,SDMMC2\:I,USBH_HS1\:I,USB_OTG_HS\:I,DCMI\:I,GPU\:I,HDMI_CEC\:I,LTDC\:I,SAI1\:I,SAI2\:I,DEBUG\:I,I2S1\:I,SPI1\:I,I2C1\:I,I2C2\:I,I2C5\:I,USART1\:I,USART2\:I,USART3\:I,USART6\:I,SDMMC1\:I,UART5\:I,UART7\:I,DMA1\:I,MDMA_A7NS\:I
CortexA7S.IPs=BSEC\:I,DDR,ETZPC\:I,HSEM,PWR\:I,RCC,RNG1\:I,RTC\:I,TAMP,GIC\:I,I2C4\:I,MDMA_A7S\:I
CortexM4.IPs=IPCC,ETZPC,FREERTOS\:I,HSEM,PWR,RCC,SYS\:I,DMA,NVIC\:I,SPI2\:I,SPI5\:I,UART4\:I,DMA2\:I
DAC1.DAC_Channel-DAC_OUT2=DAC_CHANNEL_2
DAC1.IPParameters=DAC_Channel-DAC_OUT2
DCMI.IPParameters=JPEGMode
DCMI.JPEGMode=DCMI_JPEG_DISABLE
DDR.DDR_Frequency=402.0
DDR.DFITMG0=0x02060105
DDR.DRAMTMG0=0x11151B10
DDR.DRAMTMG1=0x000A0417
DDR.DRAMTMG4=0x07040507
DDR.DRAMTMG5=0x05050403
DDR.DTPR0=0x2EB077D0
DDR.DTPR1=0x096900A8
DDR.DTPR2=0x10022A00
DDR.IPParameters=DDR_Frequency,RL,addrmap_col_b10,addrmap_col_b11,addrmap_bank_b0,addrmap_bank_b1,addrmap_bank_b2,addrmap_row_b0,addrmap_row_b1,addrmap_row_b2_10,addrmap_row_b11,addrmap_row_b12,addrmap_row_b13,addrmap_row_b14,addrmap_row_b15,SCHED,PTR0,PTR1,PTR2,RFSHTMG,DRAMTMG0,DRAMTMG1,DRAMTMG4,DRAMTMG5,DTPR0,DTPR1,DTPR2,MR0,DFITMG0
DDR.MR0=0x00000640
DDR.PTR0=0x002202D5
DDR.PTR1=0x036B1129
DDR.PTR2=0x042D3A10
DDR.RFSHTMG=0x00620069
DDR.RL=8
DDR.SCHED=0x00000C01
DDR.addrmap_bank_b0=8
DDR.addrmap_bank_b1=8
DDR.addrmap_bank_b2=8
DDR.addrmap_col_b10=31
DDR.addrmap_col_b11=31
DDR.addrmap_row_b0=7
DDR.addrmap_row_b1=7
DDR.addrmap_row_b11=7
DDR.addrmap_row_b12=7
DDR.addrmap_row_b13=7
DDR.addrmap_row_b14=7
DDR.addrmap_row_b15=15
DDR.addrmap_row_b2_10=7
DDR_A0.Mode=DDR3
DDR_A0.Signal=DDR_A0
DDR_A1.Mode=DDR3
DDR_A1.Signal=DDR_A1
DDR_A10.Mode=DDR3
DDR_A10.Signal=DDR_A10
DDR_A11.Mode=DDR3
DDR_A11.Signal=DDR_A11
DDR_A12.Mode=8Gb_32bits
DDR_A12.Signal=DDR_A12
DDR_A13.Mode=8Gb_32bits
DDR_A13.Signal=DDR_A13
DDR_A14.Mode=8Gb_32bits
DDR_A14.Signal=DDR_A14
DDR_A2.Mode=DDR3
DDR_A2.Signal=DDR_A2
DDR_A3.Mode=DDR3
DDR_A3.Signal=DDR_A3
DDR_A4.Mode=DDR3
DDR_A4.Signal=DDR_A4
DDR_A5.Mode=DDR3
DDR_A5.Signal=DDR_A5
DDR_A6.Mode=DDR3
DDR_A6.Signal=DDR_A6
DDR_A7.Mode=DDR3
DDR_A7.Signal=DDR_A7
DDR_A8.Mode=DDR3
DDR_A8.Signal=DDR_A8
DDR_A9.Mode=DDR3
DDR_A9.Signal=DDR_A9
DDR_ATO.Mode=DDR3
DDR_ATO.Signal=DDR_ATO
DDR_BA0.Mode=DDR3
DDR_BA0.Signal=DDR_BA0
DDR_BA1.Mode=DDR3
DDR_BA1.Signal=DDR_BA1
DDR_BA2.Mode=DDR3
DDR_BA2.Signal=DDR_BA2
DDR_CASN.Mode=DDR3
DDR_CASN.Signal=DDR_CASN
DDR_CKE.Mode=DDR3
DDR_CKE.Signal=DDR_CKE
DDR_CLKN.Mode=DDR3
DDR_CLKN.Signal=DDR_CLKN
DDR_CLKP.Mode=DDR3
DDR_CLKP.Signal=DDR_CLKP
DDR_CSN.Mode=DDR3
DDR_CSN.Signal=DDR_CSN
DDR_DQ0.Mode=DDR3
DDR_DQ0.Signal=DDR_DQ0
DDR_DQ1.Mode=DDR3
DDR_DQ1.Signal=DDR_DQ1
DDR_DQ10.Mode=DDR3
DDR_DQ10.Signal=DDR_DQ10
DDR_DQ11.Mode=DDR3
DDR_DQ11.Signal=DDR_DQ11
DDR_DQ12.Mode=DDR3
DDR_DQ12.Signal=DDR_DQ12
DDR_DQ13.Mode=DDR3
DDR_DQ13.Signal=DDR_DQ13
DDR_DQ14.Mode=DDR3
DDR_DQ14.Signal=DDR_DQ14
DDR_DQ15.Mode=DDR3
DDR_DQ15.Signal=DDR_DQ15
DDR_DQ16.Mode=32bits
DDR_DQ16.Signal=DDR_DQ16
DDR_DQ17.Mode=32bits
DDR_DQ17.Signal=DDR_DQ17
DDR_DQ18.Mode=32bits
DDR_DQ18.Signal=DDR_DQ18
DDR_DQ19.Mode=32bits
DDR_DQ19.Signal=DDR_DQ19
DDR_DQ2.Mode=DDR3
DDR_DQ2.Signal=DDR_DQ2
DDR_DQ20.Mode=32bits
DDR_DQ20.Signal=DDR_DQ20
DDR_DQ21.Mode=32bits
DDR_DQ21.Signal=DDR_DQ21
DDR_DQ22.Mode=32bits
DDR_DQ22.Signal=DDR_DQ22
DDR_DQ23.Mode=32bits
DDR_DQ23.Signal=DDR_DQ23
DDR_DQ24.Mode=32bits
DDR_DQ24.Signal=DDR_DQ24
DDR_DQ25.Mode=32bits
DDR_DQ25.Signal=DDR_DQ25
DDR_DQ26.Mode=32bits
DDR_DQ26.Signal=DDR_DQ26
DDR_DQ27.Mode=32bits
DDR_DQ27.Signal=DDR_DQ27
DDR_DQ28.Mode=32bits
DDR_DQ28.Signal=DDR_DQ28
DDR_DQ29.Mode=32bits
DDR_DQ29.Signal=DDR_DQ29
DDR_DQ3.Mode=DDR3
DDR_DQ3.Signal=DDR_DQ3
DDR_DQ30.Mode=32bits
DDR_DQ30.Signal=DDR_DQ30
DDR_DQ31.Mode=32bits
DDR_DQ31.Signal=DDR_DQ31
DDR_DQ4.Mode=DDR3
DDR_DQ4.Signal=DDR_DQ4
DDR_DQ5.Mode=DDR3
DDR_DQ5.Signal=DDR_DQ5
DDR_DQ6.Mode=DDR3
DDR_DQ6.Signal=DDR_DQ6
DDR_DQ7.Mode=DDR3
DDR_DQ7.Signal=DDR_DQ7
DDR_DQ8.Mode=DDR3
DDR_DQ8.Signal=DDR_DQ8
DDR_DQ9.Mode=DDR3
DDR_DQ9.Signal=DDR_DQ9
DDR_DQM0.Mode=DDR3
DDR_DQM0.Signal=DDR_DQM0
DDR_DQM1.Mode=DDR3
DDR_DQM1.Signal=DDR_DQM1
DDR_DQM2.Mode=32bits
DDR_DQM2.Signal=DDR_DQM2
DDR_DQM3.Mode=32bits
DDR_DQM3.Signal=DDR_DQM3
DDR_DQS0N.Mode=DDR3
DDR_DQS0N.Signal=DDR_DQS0N
DDR_DQS0P.Mode=DDR3
DDR_DQS0P.Signal=DDR_DQS0P
DDR_DQS1N.Mode=DDR3
DDR_DQS1N.Signal=DDR_DQS1N
DDR_DQS1P.Mode=DDR3
DDR_DQS1P.Signal=DDR_DQS1P
DDR_DQS2N.Mode=32bits
DDR_DQS2N.Signal=DDR_DQS2N
DDR_DQS2P.Mode=32bits
DDR_DQS2P.Signal=DDR_DQS2P
DDR_DQS3N.Mode=32bits
DDR_DQS3N.Signal=DDR_DQS3N
DDR_DQS3P.Mode=32bits
DDR_DQS3P.Signal=DDR_DQS3P
DDR_DTO0.Mode=DDR3
DDR_DTO0.Signal=DDR_DTO0
DDR_DTO1.Mode=DDR3
DDR_DTO1.Signal=DDR_DTO1
DDR_ODT.Mode=DDR3
DDR_ODT.Signal=DDR_ODT
DDR_RASN.Mode=DDR3
DDR_RASN.Signal=DDR_RASN
DDR_RESETN.Mode=DDR3
DDR_RESETN.Signal=DDR_RESETN
DDR_VREF.Mode=DDR3
DDR_VREF.Signal=DDR_VREF
DDR_WEN.Mode=DDR3
DDR_WEN.Signal=DDR_WEN
DDR_ZQ.Mode=DDR3
DDR_ZQ.Signal=DDR_ZQ
DSIHOST_CKN.Locked=true
DSIHOST_CKN.Signal=DSIHOST_CKN
DSIHOST_CKP.Locked=true
DSIHOST_CKP.Signal=DSIHOST_CKP
DSIHOST_D0N.Locked=true
DSIHOST_D0N.Signal=DSIHOST_D0N
DSIHOST_D0P.Locked=true
DSIHOST_D0P.Signal=DSIHOST_D0P
DSIHOST_D1N.Locked=true
DSIHOST_D1N.Signal=DSIHOST_D1N
DSIHOST_D1P.Locked=true
DSIHOST_D1P.Signal=DSIHOST_D1P
Dma.DCMI.4.Direction=DMA_PERIPH_TO_MEMORY
Dma.DCMI.4.EventEnable=DISABLE
Dma.DCMI.4.FIFOMode=DMA_FIFOMODE_DISABLE
Dma.DCMI.4.Instance=DMA1_Stream0
Dma.DCMI.4.MDMA_Chaining=ENABLE
Dma.DCMI.4.Mandatory=DISABLE
Dma.DCMI.4.MemDataAlignment=DMA_MDATAALIGN_WORD
Dma.DCMI.4.MemInc=DMA_MINC_ENABLE
Dma.DCMI.4.Mode=DMA_NORMAL
Dma.DCMI.4.PeriphDataAlignment=DMA_PDATAALIGN_BYTE
Dma.DCMI.4.PeriphInc=DMA_PINC_DISABLE
Dma.DCMI.4.Polarity=HAL_DMAMUX_REQ_GEN_RISING
Dma.DCMI.4.Priority=DMA_PRIORITY_LOW
Dma.DCMI.4.RequestNumber=1
Dma.DCMI.4.RequestParameters=Instance,Direction,PeriphInc,MemInc,PeriphDataAlignment,MemDataAlignment,Mode,Priority,FIFOMode,SignalID,Polarity,RequestNumber,SyncSignalID,SyncPolarity,SyncEnable,EventEnable,SyncRequestNumber,MDMA_Chaining,Mandatory
Dma.DCMI.4.SignalID=NONE
Dma.DCMI.4.SyncEnable=DISABLE
Dma.DCMI.4.SyncPolarity=HAL_DMAMUX_SYNC_NO_EVENT
Dma.DCMI.4.SyncRequestNumber=1
Dma.DCMI.4.SyncSignalID=NONE
Dma.Request0=SAI1_A
Dma.Request1=SAI1_B
Dma.Request2=SAI2_A
Dma.Request3=SAI2_B
Dma.Request4=DCMI
Dma.RequestsNb=5
Dma.SAI1_A.0.Direction=DMA_MEMORY_TO_PERIPH
Dma.SAI1_A.0.EventEnable=DISABLE
Dma.SAI1_A.0.FIFOMode=DMA_FIFOMODE_DISABLE
Dma.SAI1_A.0.Instance=DMA1_Stream1
Dma.SAI1_A.0.MDMA_Chaining=ENABLE
Dma.SAI1_A.0.Mandatory=DISABLE
Dma.SAI1_A.0.MemDataAlignment=DMA_MDATAALIGN_WORD
Dma.SAI1_A.0.MemInc=DMA_MINC_ENABLE
Dma.SAI1_A.0.Mode=DMA_NORMAL
Dma.SAI1_A.0.PeriphDataAlignment=DMA_PDATAALIGN_WORD
Dma.SAI1_A.0.PeriphInc=DMA_PINC_DISABLE
Dma.SAI1_A.0.Polarity=HAL_DMAMUX_REQ_GEN_RISING
Dma.SAI1_A.0.Priority=DMA_PRIORITY_LOW
Dma.SAI1_A.0.RequestNumber=1
Dma.SAI1_A.0.RequestParameters=Instance,Direction,PeriphInc,MemInc,PeriphDataAlignment,MemDataAlignment,Mode,Priority,FIFOMode,SignalID,Polarity,RequestNumber,SyncSignalID,SyncPolarity,SyncEnable,EventEnable,SyncRequestNumber,MDMA_Chaining,Mandatory
Dma.SAI1_A.0.SignalID=NONE
Dma.SAI1_A.0.SyncEnable=DISABLE
Dma.SAI1_A.0.SyncPolarity=HAL_DMAMUX_SYNC_NO_EVENT
Dma.SAI1_A.0.SyncRequestNumber=1
Dma.SAI1_A.0.SyncSignalID=NONE
Dma.SAI1_B.1.Direction=DMA_MEMORY_TO_PERIPH
Dma.SAI1_B.1.EventEnable=DISABLE
Dma.SAI1_B.1.FIFOMode=DMA_FIFOMODE_DISABLE
Dma.SAI1_B.1.Instance=DMA1_Stream2
Dma.SAI1_B.1.MDMA_Chaining=ENABLE
Dma.SAI1_B.1.Mandatory=DISABLE
Dma.SAI1_B.1.MemDataAlignment=DMA_MDATAALIGN_WORD
Dma.SAI1_B.1.MemInc=DMA_MINC_ENABLE
Dma.SAI1_B.1.Mode=DMA_NORMAL
Dma.SAI1_B.1.PeriphDataAlignment=DMA_PDATAALIGN_WORD
Dma.SAI1_B.1.PeriphInc=DMA_PINC_DISABLE
Dma.SAI1_B.1.Polarity=HAL_DMAMUX_REQ_GEN_RISING
Dma.SAI1_B.1.Priority=DMA_PRIORITY_LOW
Dma.SAI1_B.1.RequestNumber=1
Dma.SAI1_B.1.RequestParameters=Instance,Direction,PeriphInc,MemInc,PeriphDataAlignment,MemDataAlignment,Mode,Priority,FIFOMode,SignalID,Polarity,RequestNumber,SyncSignalID,SyncPolarity,SyncEnable,EventEnable,SyncRequestNumber,MDMA_Chaining,Mandatory
Dma.SAI1_B.1.SignalID=NONE
Dma.SAI1_B.1.SyncEnable=DISABLE
Dma.SAI1_B.1.SyncPolarity=HAL_DMAMUX_SYNC_NO_EVENT
Dma.SAI1_B.1.SyncRequestNumber=1
Dma.SAI1_B.1.SyncSignalID=NONE
Dma.SAI2_A.2.Direction=DMA_MEMORY_TO_PERIPH
Dma.SAI2_A.2.EventEnable=DISABLE
Dma.SAI2_A.2.FIFOMode=DMA_FIFOMODE_DISABLE
Dma.SAI2_A.2.Instance=DMA1_Stream3
Dma.SAI2_A.2.MDMA_Chaining=ENABLE
Dma.SAI2_A.2.Mandatory=DISABLE
Dma.SAI2_A.2.MemDataAlignment=DMA_MDATAALIGN_WORD
Dma.SAI2_A.2.MemInc=DMA_MINC_ENABLE
Dma.SAI2_A.2.Mode=DMA_NORMAL
Dma.SAI2_A.2.PeriphDataAlignment=DMA_PDATAALIGN_WORD
Dma.SAI2_A.2.PeriphInc=DMA_PINC_DISABLE
Dma.SAI2_A.2.Polarity=HAL_DMAMUX_REQ_GEN_RISING
Dma.SAI2_A.2.Priority=DMA_PRIORITY_LOW
Dma.SAI2_A.2.RequestNumber=1
Dma.SAI2_A.2.RequestParameters=Instance,Direction,PeriphInc,MemInc,PeriphDataAlignment,MemDataAlignment,Mode,Priority,FIFOMode,SignalID,Polarity,RequestNumber,SyncSignalID,SyncPolarity,SyncEnable,EventEnable,SyncRequestNumber,MDMA_Chaining,Mandatory
Dma.SAI2_A.2.SignalID=NONE
Dma.SAI2_A.2.SyncEnable=DISABLE
Dma.SAI2_A.2.SyncPolarity=HAL_DMAMUX_SYNC_NO_EVENT
Dma.SAI2_A.2.SyncRequestNumber=1
Dma.SAI2_A.2.SyncSignalID=NONE
Dma.SAI2_B.3.Direction=DMA_MEMORY_TO_PERIPH
Dma.SAI2_B.3.EventEnable=DISABLE
Dma.SAI2_B.3.FIFOMode=DMA_FIFOMODE_DISABLE
Dma.SAI2_B.3.Instance=DMA1_Stream4
Dma.SAI2_B.3.MDMA_Chaining=ENABLE
Dma.SAI2_B.3.Mandatory=DISABLE
Dma.SAI2_B.3.MemDataAlignment=DMA_MDATAALIGN_WORD
Dma.SAI2_B.3.MemInc=DMA_MINC_ENABLE
Dma.SAI2_B.3.Mode=DMA_NORMAL
Dma.SAI2_B.3.PeriphDataAlignment=DMA_PDATAALIGN_WORD
Dma.SAI2_B.3.PeriphInc=DMA_PINC_DISABLE
Dma.SAI2_B.3.Polarity=HAL_DMAMUX_REQ_GEN_RISING
Dma.SAI2_B.3.Priority=DMA_PRIORITY_LOW
Dma.SAI2_B.3.RequestNumber=1
Dma.SAI2_B.3.RequestParameters=Instance,Direction,PeriphInc,MemInc,PeriphDataAlignment,MemDataAlignment,Mode,Priority,FIFOMode,SignalID,Polarity,RequestNumber,SyncSignalID,SyncPolarity,SyncEnable,EventEnable,SyncRequestNumber,MDMA_Chaining,Mandatory
Dma.SAI2_B.3.SignalID=NONE
Dma.SAI2_B.3.SyncEnable=DISABLE
Dma.SAI2_B.3.SyncPolarity=HAL_DMAMUX_SYNC_NO_EVENT
Dma.SAI2_B.3.SyncRequestNumber=1
Dma.SAI2_B.3.SyncSignalID=NONE
File.Version=6
GIC.ADC1_IRQn=true\:false\:High level
GIC.CEC_IRQn=true\:false\:High level
GIC.DCMI_IRQn=true\:false\:High level
GIC.DMA1_Stream0_IRQn=true\:false\:High level
GIC.DMA1_Stream1_IRQn=true\:false\:High level
GIC.DMA1_Stream2_IRQn=true\:false\:High level
GIC.DMA1_Stream3_IRQn=true\:false\:High level
GIC.DMA1_Stream4_IRQn=true\:false\:High level
GIC.ETH1_IRQn=true\:false\:High level
GIC.ETH1_WKUP_IRQn=true\:false\:High level
GIC.FDCAN1_IT0_IRQn=true\:false\:High level
GIC.FDCAN1_IT1_IRQn=true\:false\:High level
GIC.GPU_IRQn=true\:false\:High level
GIC.I2C1_ER_IRQn=true\:false\:High level
GIC.I2C1_EV_IRQn=true\:false\:High level
GIC.I2C2_ER_IRQn=true\:false\:High level
GIC.I2C2_EV_IRQn=true\:false\:High level
GIC.I2C4_ER_IRQn=true\:false\:High level
GIC.I2C4_EV_IRQn=true\:false\:High level
GIC.I2C5_ER_IRQn=true\:false\:High level
GIC.I2C5_EV_IRQn=true\:false\:High level
GIC.IPCC_RX0_IRQn=true\:false\:High level
GIC.IPCC_TX0_IRQn=true\:false\:High level
GIC.LTDC_ER_IRQn=true\:false\:High level
GIC.LTDC_IRQn=true\:false\:High level
GIC.OTG_IRQn=true\:false\:High level
GIC.PMUIRQ0_IRQn=true\:false\:High level
GIC.PMUIRQ1_IRQn=true\:false\:High level
GIC.RCC_IRQn=true\:false\:High level
GIC.RTC_WKUP_ALARM_IRQn=true\:false\:High level
GIC.SAI1_IRQn=true\:false\:High level
GIC.SAI2_IRQn=true\:false\:High level
GIC.SDMMC1_IRQn=true\:false\:High level
GIC.SDMMC2_IRQn=true\:false\:High level
GIC.SPI1_IRQn=true\:false\:High level
GIC.UART5_IRQn=true\:false\:High level
GIC.UART7_IRQn=true\:false\:High level
GIC.USART1_IRQn=true\:false\:High level
GIC.USART2_IRQn=true\:false\:High level
GIC.USART3_IRQn=true\:false\:High level
GIC.USART6_IRQn=true\:false\:High level
GIC.USBH_OHCI_IRQn=true\:false\:High level
GIC.WAKEUP_PIN_IRQn=true\:false\:High level
GPIO.groupedBy=
I2C4.IPParameters=Timing
I2C4.Timing=0x108083C5
I2S1.ErrorAudioFreq=1.72 %
I2S1.FullDuplexMode=I2S_MODE_MASTER_FD
I2S1.IPParameters=Instance,VirtualMode,FullDuplexMode,RealAudioFreq,ErrorAudioFreq
I2S1.Instance=SPI$Index
I2S1.RealAudioFreq=16.276 KHz
I2S1.VirtualMode=I2S_MODE_MASTER
JTCK-SWCLK.Mode=JTAG_5_pins
JTCK-SWCLK.Signal=DEBUG_JTCK-SWCLK
JTDI.Mode=JTAG_5_pins
JTDI.Signal=DEBUG_JTDI
JTDO-TRACESWO.Mode=JTAG_5_pins
JTDO-TRACESWO.Signal=DEBUG_JTDO-SWO
JTMS-SWDIO.Mode=JTAG_5_pins
JTMS-SWDIO.Signal=DEBUG_JTMS-SWDIO
KeepUserPlacement=false
Mcu.Context0=BootROM
Mcu.Context1=BootLoader
Mcu.Context2=CortexA7S
Mcu.Context3=CortexA7NS
Mcu.Context4=CortexM4
Mcu.ContextNb=5
Mcu.Family=STM32MP1
Mcu.IP0=ADC1
Mcu.IP1=BSEC
Mcu.IP10=GIC
Mcu.IP11=GPU
Mcu.IP12=HDMI_CEC
Mcu.IP13=HSEM
Mcu.IP14=I2C1
Mcu.IP15=I2C2
Mcu.IP16=I2C4
Mcu.IP17=I2C5
Mcu.IP18=I2S1
Mcu.IP19=IPCC
Mcu.IP2=DAC1
Mcu.IP20=LTDC
Mcu.IP21=NVIC
Mcu.IP22=PWR
Mcu.IP23=RCC
Mcu.IP24=RTC
Mcu.IP25=SAI1
Mcu.IP26=SAI2
Mcu.IP27=SDMMC1
Mcu.IP28=SDMMC2
Mcu.IP29=SPI2
Mcu.IP3=DCMI
Mcu.IP30=SPI5
Mcu.IP31=SYS
Mcu.IP32=TAMP
Mcu.IP33=UART4
Mcu.IP34=UART5
Mcu.IP35=UART7
Mcu.IP36=USART1
Mcu.IP37=USART2
Mcu.IP38=USART3
Mcu.IP39=USART6
Mcu.IP4=DDR
Mcu.IP40=USBH_HS1
Mcu.IP41=USB_OTG_HS
Mcu.IP5=DEBUG
Mcu.IP6=DMA
Mcu.IP7=ETH1
Mcu.IP8=ETZPC
Mcu.IP9=FDCAN1
Mcu.IPNb=42
Mcu.Name=STM32MP157DAAx
Mcu.Package=LFBGA448
Mcu.Pin0=PH5
Mcu.Pin1=PH4
Mcu.Pin10=PB3
Mcu.Pin100=PI13
Mcu.Pin101=PI12
Mcu.Pin102=PZ5
Mcu.Pin103=PZ1
Mcu.Pin104=PJ8
Mcu.Pin105=DDR_A9
Mcu.Pin106=DDR_A5
Mcu.Pin107=DDR_DQ5
Mcu.Pin108=DDR_DQ2
Mcu.Pin109=DDR_DQ6
Mcu.Pin11=PB14
Mcu.Pin110=PJ0
Mcu.Pin111=PJ10
Mcu.Pin112=PG12
Mcu.Pin113=PI9
Mcu.Pin114=PI4
Mcu.Pin115=DDR_A2
Mcu.Pin116=DDR_A3
Mcu.Pin117=DDR_DQ4
Mcu.Pin118=PJ4
Mcu.Pin119=PJ2
Mcu.Pin12=DSIHOST_D0N
Mcu.Pin120=PZ2
Mcu.Pin121=PJ11
Mcu.Pin122=DDR_BA2
Mcu.Pin123=DDR_A0
Mcu.Pin124=DDR_BA0
Mcu.Pin125=DDR_DTO1
Mcu.Pin126=DDR_ZQ
Mcu.Pin127=PD6
Mcu.Pin128=PJ7
Mcu.Pin129=DDR_CSN
Mcu.Pin13=DSIHOST_CKN
Mcu.Pin130=DDR_ODT
Mcu.Pin131=DDR_DTO0
Mcu.Pin132=PD8
Mcu.Pin133=PD9
Mcu.Pin134=DDR_A1
Mcu.Pin135=DDR_RASN
Mcu.Pin136=DDR_WEN
Mcu.Pin137=DDR_CASN
Mcu.Pin138=PI8
Mcu.Pin139=PC13
Mcu.Pin14=DSIHOST_D1N
Mcu.Pin140=DDR_A10
Mcu.Pin141=DDR_A12
Mcu.Pin142=DDR_CLKP
Mcu.Pin143=DDR_CLKN
Mcu.Pin144=DDR_DQ8
Mcu.Pin145=PC14-OSC32_IN
Mcu.Pin146=PC15-OSC32_OUT
Mcu.Pin147=DDR_A14
Mcu.Pin148=DDR_A11
Mcu.Pin149=DDR_DQ10
Mcu.Pin15=DDR_DQ20
Mcu.Pin150=ANA0
Mcu.Pin151=DDR_BA1
Mcu.Pin152=DDR_CKE
Mcu.Pin153=DDR_DQ13
Mcu.Pin154=DDR_DQ9
Mcu.Pin155=DDR_DQS1N
Mcu.Pin156=PH0-OSC_IN
Mcu.Pin157=ANA1
Mcu.Pin158=DDR_A4
Mcu.Pin159=DDR_DQ11
Mcu.Pin16=DDR_DQ23
Mcu.Pin160=DDR_DQM1
Mcu.Pin161=DDR_DQS1P
Mcu.Pin162=PA5
Mcu.Pin163=PC0
Mcu.Pin164=PG11
Mcu.Pin165=DDR_A8
Mcu.Pin166=DDR_A6
Mcu.Pin167=DDR_DQ14
Mcu.Pin168=PA1
Mcu.Pin169=PA4
Mcu.Pin17=PH10
Mcu.Pin170=PF14
Mcu.Pin171=PB10
Mcu.Pin172=PB13
Mcu.Pin173=PH6
Mcu.Pin174=PD13
Mcu.Pin175=OTG_VBUS
Mcu.Pin176=DDR_DQ12
Mcu.Pin177=DDR_DQ15
Mcu.Pin178=DDR_DQ24
Mcu.Pin179=PH7
Mcu.Pin18=PH11
Mcu.Pin180=PA13
Mcu.Pin181=PF11
Mcu.Pin182=PA6
Mcu.Pin183=PD12
Mcu.Pin184=PB6
Mcu.Pin185=PG9
Mcu.Pin186=PA12
Mcu.Pin187=DDR_DQ25
Mcu.Pin188=DDR_DQ31
Mcu.Pin189=DDR_DQ30
Mcu.Pin19=PE14
Mcu.Pin190=PC2
Mcu.Pin191=PE2
Mcu.Pin192=PH3
Mcu.Pin193=PG8
Mcu.Pin194=PA7
Mcu.Pin195=PG7
Mcu.Pin196=PE8
Mcu.Pin197=PA11
Mcu.Pin198=PA10
Mcu.Pin199=DDR_DQS3P
Mcu.Pin2=PE13
Mcu.Pin20=PK7
Mcu.Pin200=DDR_DQS3N
Mcu.Pin201=PG13
Mcu.Pin202=PG14
Mcu.Pin203=PA0
Mcu.Pin204=PC5
Mcu.Pin205=PB12
Mcu.Pin206=PB5
Mcu.Pin207=PF7
Mcu.Pin208=PF6
Mcu.Pin209=USB_DM2
Mcu.Pin21=PK3
Mcu.Pin210=USB_DP1
Mcu.Pin211=DDR_ATO
Mcu.Pin212=DDR_DQ29
Mcu.Pin213=DDR_DQ28
Mcu.Pin214=DDR_DQM3
Mcu.Pin215=PA2
Mcu.Pin216=PC1
Mcu.Pin217=PG4
Mcu.Pin218=PC4
Mcu.Pin219=PF8
Mcu.Pin22=PJ14
Mcu.Pin220=PF9
Mcu.Pin221=USB_DP2
Mcu.Pin222=USB_DM1
Mcu.Pin223=DDR_VREF
Mcu.Pin224=DDR_DQ27
Mcu.Pin225=DDR_DQ26
Mcu.Pin226=VP_BSEC_VS_BSEC
Mcu.Pin227=VP_DDR_DDR3
Mcu.Pin228=VP_DDR_DDR_32_bits
Mcu.Pin229=VP_DDR_DDR3_32_8Gb
Mcu.Pin23=PJ12
Mcu.Pin230=VP_ETZPC_VS_ETZPC
Mcu.Pin231=VP_GPU_VS_GPU
Mcu.Pin232=VP_HSEM_VS_HSEM
Mcu.Pin233=VP_IPCC_VS_IPCC
Mcu.Pin234=VP_RTC_VS_RTC_Activate
Mcu.Pin235=VP_SYS_VS_Systick
Mcu.Pin236=VP_TAMP_VS_TAMP_Activate
Mcu.Pin237=VP_DMA_VS_DMA1_A7NS
Mcu.Pin238=VP_DMA_VS_DMA2_M4
Mcu.Pin239=VP_MDMA_VS_MDMA_A7NS_8
Mcu.Pin24=PF1
Mcu.Pin25=PD1
Mcu.Pin26=PD3
Mcu.Pin27=PB15
Mcu.Pin28=PA8
Mcu.Pin29=DSIHOST_D0P
Mcu.Pin3=PK6
Mcu.Pin30=DSIHOST_CKP
Mcu.Pin31=DSIHOST_D1P
Mcu.Pin32=DDR_DQ19
Mcu.Pin33=DDR_DQ16
Mcu.Pin34=DDR_DQS2N
Mcu.Pin35=PH14
Mcu.Pin36=PE15
Mcu.Pin37=PE0
Mcu.Pin38=PK5
Mcu.Pin39=PD0
Mcu.Pin4=PK4
Mcu.Pin40=PE5
Mcu.Pin41=PB4
Mcu.Pin42=DDR_DQS2P
Mcu.Pin43=DDR_DQM2
Mcu.Pin44=PI0
Mcu.Pin45=PH13
Mcu.Pin46=PE11
Mcu.Pin47=PH8
Mcu.Pin48=PE1
Mcu.Pin49=PK0
Mcu.Pin5=PJ13
Mcu.Pin50=PG15
Mcu.Pin51=PG6
Mcu.Pin52=PD2
Mcu.Pin53=PC7
Mcu.Pin54=PC9
Mcu.Pin55=PC11
Mcu.Pin56=JTDI
Mcu.Pin57=JTCK-SWCLK
Mcu.Pin58=DDR_DQ22
Mcu.Pin59=DDR_DQ17
Mcu.Pin6=PD10
Mcu.Pin60=DDR_DQ18
Mcu.Pin61=PI2
Mcu.Pin62=PI1
Mcu.Pin63=PI3
Mcu.Pin64=PE12
Mcu.Pin65=PH9
Mcu.Pin66=PK1
Mcu.Pin67=PE6
Mcu.Pin68=PA15
Mcu.Pin69=PC12
Mcu.Pin7=PD5
Mcu.Pin70=PC6
Mcu.Pin71=PC8
Mcu.Pin72=NJTRST
Mcu.Pin73=JTDO-TRACESWO
Mcu.Pin74=JTMS-SWDIO
Mcu.Pin75=DDR_DQ3
Mcu.Pin76=DDR_DQ0
Mcu.Pin77=DDR_DQ21
Mcu.Pin78=PI7
Mcu.Pin79=PI5
Mcu.Pin8=PE3
Mcu.Pin80=PI15
Mcu.Pin81=PZ3
Mcu.Pin82=PH12
Mcu.Pin83=PF4
Mcu.Pin84=PB7
Mcu.Pin85=PB9
Mcu.Pin86=PC10
Mcu.Pin87=PE4
Mcu.Pin88=DDR_A7
Mcu.Pin89=DDR_RESETN
Mcu.Pin9=PA9
Mcu.Pin90=DDR_DQ1
Mcu.Pin91=PZ4
Mcu.Pin92=PZ0
Mcu.Pin93=PZ6
Mcu.Pin94=PI6
Mcu.Pin95=DDR_A13
Mcu.Pin96=DDR_DQ7
Mcu.Pin97=DDR_DQM0
Mcu.Pin98=DDR_DQS0N
Mcu.Pin99=DDR_DQS0P
Mcu.PinsNb=240
Mcu.ThirdPartyNb=0
Mcu.UserConstants=
Mcu.UserName=STM32MP157DAAx
MxCube.Version=6.0.1
MxDb.Version=DB.6.0.0
NJTRST.Mode=JTAG_5_pins
NJTRST.Signal=DEBUG_JTRST
NVIC.BusFault_IRQn=true\:0\:0\:false\:false\:true\:false\:false
NVIC.DebugMonitor_IRQn=true\:0\:0\:false\:false\:true\:false\:false
NVIC.ForceEnableDMAVector=true
NVIC.HardFault_IRQn=true\:0\:0\:false\:false\:true\:false\:false
NVIC.MemoryManagement_IRQn=true\:0\:0\:false\:false\:true\:false\:false
NVIC.NonMaskableInt_IRQn=true\:0\:0\:false\:false\:true\:false\:false
NVIC.PendSV_IRQn=true\:0\:0\:false\:false\:true\:false\:false
NVIC.PriorityGroup=NVIC_PRIORITYGROUP_4
NVIC.SVCall_IRQn=true\:0\:0\:false\:false\:true\:false\:false
NVIC.SysTick_IRQn=true\:0\:0\:false\:false\:true\:false\:true
NVIC.UsageFault_IRQn=true\:0\:0\:false\:false\:true\:false\:false
OTG_VBUS.Mode=Activate_VBUS_FS
OTG_VBUS.Signal=USB_OTG_HS_VBUS
PA0.Mode=WakeUp1
PA0.Signal=PWR_WKUP1
PA1.Mode=RGMII (Reduced GMII)
PA1.Signal=ETH1_RX_CLK
PA10.Locked=true
PA10.Mode=Asynchronous
PA10.Signal=USART1_RX
PA11.Mode=I2C
PA11.Signal=I2C5_SCL
PA12.Mode=I2C
PA12.Signal=I2C5_SDA
PA13.Mode=Asynchronous
PA13.Signal=UART4_TX
PA15.Mode=CEC_Activate
PA15.Signal=CEC
PA2.Mode=RGMII (Reduced GMII)
PA2.Signal=ETH1_MDIO
PA4.Signal=COMP_DAC11_group
PA5.Signal=COMP_DAC12_group
PA6.Mode=Slave_8_bits_External_Synchro
PA6.Signal=DCMI_PIXCLK
PA7.Mode=RGMII (Reduced GMII)
PA7.Signal=ETH1_RX_CTL
PA8.Mode=Asynchronous
PA8.Signal=UART7_RX
PA9.Locked=true
PA9.Mode=Asynchronous
PA9.Signal=USART1_TX
PB10.Mode=Full_Duplex_Master
PB10.Signal=SPI2_SCK
PB12.Mode=Asynchronous
PB12.Signal=UART5_RX
PB13.Mode=RGMII (Reduced GMII)
PB13.Signal=ETH1_TXD1
PB14.Mode=mmc_8_bits_Wide_bus
PB14.Signal=SDMMC2_D0
PB15.Mode=mmc_8_bits_Wide_bus
PB15.Signal=SDMMC2_D1
PB3.Mode=mmc_8_bits_Wide_bus
PB3.Signal=SDMMC2_D2
PB4.Mode=mmc_8_bits_Wide_bus
PB4.Signal=SDMMC2_D3
PB5.Locked=true
PB5.Mode=RGB888
PB5.Signal=LTDC_G7
PB6.Mode=Asynchronous
PB6.Signal=UART5_TX
PB7.Mode=I2C
PB7.Signal=I2C1_SDA
PB9.Locked=true
PB9.Mode=mmc_8_bits_Wide_bus
PB9.Signal=SDMMC2_D5
PC0.Mode=SAI_B_MasterWithClock
PC0.Signal=SAI2_FS_B
PC1.Mode=RGMII (Reduced GMII)
PC1.Signal=ETH1_MDC
PC10.Mode=RGB888
PC10.Signal=LTDC_R2
PC11.Mode=SD_4_bits_Wide_bus
PC11.Signal=SDMMC1_D3
PC12.Mode=SD_4_bits_Wide_bus
PC12.Signal=SDMMC1_CK
PC13.Mode=WakeUp3
PC13.Signal=PWR_WKUP3
PC14-OSC32_IN.Mode=LSE-External-Oscillator
PC14-OSC32_IN.Signal=RCC_OSC32_IN
PC15-OSC32_OUT.Mode=LSE-External-Oscillator
PC15-OSC32_OUT.Signal=RCC_OSC32_OUT
PC2.Mode=RGMII (Reduced GMII)
PC2.Signal=ETH1_TXD2
PC4.Mode=RGMII (Reduced GMII)
PC4.Signal=ETH1_RXD0
PC5.Mode=RGMII (Reduced GMII)
PC5.Signal=ETH1_RXD1
PC6.Mode=mmc_8_bits_Wide_bus
PC6.Signal=SDMMC2_D6
PC7.Mode=Slave_8_bits_External_Synchro
PC7.Signal=DCMI_D1
PC8.Mode=SD_4_bits_Wide_bus
PC8.Signal=SDMMC1_D0
PC9.Mode=SD_4_bits_Wide_bus
PC9.Signal=SDMMC1_D1
PD0.Mode=FDCANFD
PD0.Signal=FDCAN1_RX
PD1.Mode=FDCANFD
PD1.Signal=FDCAN1_TX
PD10.Mode=RGB888
PD10.Signal=LTDC_B3
PD12.Mode=SAI_A_MasterWithClock
PD12.Signal=SAI2_FS_A
PD13.Mode=SAI_A_MasterWithClock
PD13.Signal=SAI2_SCK_A
PD2.Mode=SD_4_bits_Wide_bus
PD2.Signal=SDMMC1_CMD
PD3.Mode=mmc_8_bits_Wide_bus
PD3.Signal=SDMMC2_D7
PD5.Mode=Asynchronous
PD5.Signal=USART2_TX
PD6.Mode=SAI_A_MasterWithClock
PD6.Signal=SAI1_SD_A
PD8.Mode=Asynchronous
PD8.Signal=USART3_TX
PD9.Mode=Asynchronous
PD9.Signal=USART3_RX
PE0.Mode=SAI_A_MasterWithClock
PE0.Signal=SAI2_MCLK_A
PE1.Mode=Slave_8_bits_External_Synchro
PE1.Signal=DCMI_D3
PE11.Mode=RGB888
PE11.Signal=LTDC_G3
PE12.Mode=SAI_B_MasterWithClock
PE12.Signal=SAI2_SCK_B
PE13.Mode=Slave_8_bits_External_Synchro
PE13.Signal=DCMI_D6
PE14.Mode=RGB888
PE14.Signal=LTDC_CLK
PE15.Mode=RGB888
PE15.Signal=LTDC_R7
PE2.Mode=RGMII (Reduced GMII)
PE2.Signal=ETH1_TXD3
PE3.Mode=mmc_8_bits_Wide_bus
PE3.Signal=SDMMC2_CK
PE4.Mode=mmc_8_bits_Wide_bus
PE4.Signal=SDMMC2_D4
PE5.Mode=SAI_A_MasterWithClock
PE5.Signal=SAI1_SCK_A
PE6.Mode=SD_4_bits_Wide_bus
PE6.Signal=SDMMC1_D2
PE8.Mode=Asynchronous
PE8.Signal=UART7_TX
PF1.Mode=I2C
PF1.Signal=I2C2_SCL
PF11.Mode=SAI_B_MasterWithClock
PF11.Signal=SAI2_SD_B
PF14.Mode=I2C
PF14.Signal=I2C1_SCL
PF4.Mode=Asynchronous
PF4.Signal=USART2_RX
PF6.Mode=SAI_B_MasterWithClock
PF6.Signal=SAI1_SD_B
PF7.Mode=SAI_B_MasterWithClock
PF7.Signal=SAI1_MCLK_B
PF8.Mode=SAI_B_MasterWithClock
PF8.Signal=SAI1_SCK_B
PF9.Mode=SAI_B_MasterWithClock
PF9.Signal=SAI1_FS_B
PG11.Mode=RGMII (Reduced GMII)
PG11.Signal=ETH1_TX_CTL
PG12.Mode=ETH PHY_INTN
PG12.Signal=ETH1_PHY_INTN
PG13.Mode=RGMII (Reduced GMII)
PG13.Signal=ETH1_TXD0
PG14.Mode=Asynchronous
PG14.Signal=USART6_TX
PG15.Mode=SAI_A_MasterWithClock
PG15.Signal=SAI1_FS_A
PG4.Mode=RGMII (Reduced GMII)
PG4.Signal=ETH1_GTX_CLK
PG6.Mode=mmc_8_bits_Wide_bus
PG6.Signal=SDMMC2_CMD
PG7.Mode=SAI_A_MasterWithClock
PG7.Signal=SAI1_MCLK_A
PG8.Mode=Hardware Flow Control (RS485)
PG8.Signal=USART3_DE
PG9.Mode=Asynchronous
PG9.Signal=USART6_RX
PH0-OSC_IN.Mode=HSE-External-Clock-Source
PH0-OSC_IN.Signal=RCC_OSC_IN
PH10.Mode=RGB888
PH10.Signal=LTDC_R4
PH11.Mode=Slave_8_bits_External_Synchro
PH11.Signal=DCMI_D2
PH12.Mode=RGB888
PH12.Signal=LTDC_R6
PH13.Mode=RGB888
PH13.Signal=LTDC_G2
PH14.Mode=Slave_8_bits_External_Synchro
PH14.Signal=DCMI_D4
PH3.Mode=SAI_B_MasterWithClock
PH3.Signal=SAI2_MCLK_B
PH4.Mode=RGB888
PH4.Signal=LTDC_G4
PH5.Mode=I2C
PH5.Signal=I2C2_SDA
PH6.Mode=RGMII (Reduced GMII)
PH6.Signal=ETH1_RXD2
PH7.Mode=RGMII (Reduced GMII)
PH7.Signal=ETH1_RXD3
PH8.Mode=Slave_8_bits_External_Synchro
PH8.Signal=DCMI_HSYNC
PH9.Mode=Slave_8_bits_External_Synchro
PH9.Signal=DCMI_D0
PI0.Mode=RGB888
PI0.Signal=LTDC_G5
PI1.Mode=RGB888
PI1.Signal=LTDC_G6
PI12.Mode=RGB888
PI12.Signal=LTDC_HSYNC
PI13.Mode=RGB888
PI13.Signal=LTDC_VSYNC
PI15.Mode=RGB888
PI15.Signal=LTDC_R0
PI2.Mode=Full_Duplex_Master
PI2.Signal=SPI2_MISO
PI3.Mode=Full_Duplex_Master
PI3.Signal=SPI2_MOSI
PI4.Mode=Slave_8_bits_External_Synchro
PI4.Signal=DCMI_D5
PI5.Mode=Slave_8_bits_External_Synchro
PI5.Signal=DCMI_VSYNC
PI6.Mode=SAI_A_MasterWithClock
PI6.Signal=SAI2_SD_A
PI7.Mode=Slave_8_bits_External_Synchro
PI7.Signal=DCMI_D7
PI8.Mode=WakeUp4
PI8.Signal=PWR_WKUP4
PI9.Mode=Asynchronous
PI9.Signal=UART4_RX
PJ0.Mode=RGB888
PJ0.Signal=LTDC_R1
PJ10.Mode=Full_Duplex_Master
PJ10.Signal=SPI5_MOSI
PJ11.Mode=Full_Duplex_Master
PJ11.Signal=SPI5_MISO
PJ12.Mode=RGB888
PJ12.Signal=LTDC_B0
PJ13.Mode=RGB888
PJ13.Signal=LTDC_B1
PJ14.Mode=RGB888
PJ14.Signal=LTDC_B2
PJ2.Mode=RGB888
PJ2.Signal=LTDC_R3
PJ4.Mode=RGB888
PJ4.Signal=LTDC_R5
PJ7.Mode=RGB888
PJ7.Signal=LTDC_G0
PJ8.Mode=RGB888
PJ8.Signal=LTDC_G1
PK0.Mode=Full_Duplex_Master
PK0.Signal=SPI5_SCK
PK1.Mode=NSS_Signal_Hard_Output
PK1.Signal=SPI5_NSS
PK3.Mode=RGB888
PK3.Signal=LTDC_B4
PK4.Mode=RGB888
PK4.Signal=LTDC_B5
PK5.Mode=RGB888
PK5.Signal=LTDC_B6
PK6.Mode=RGB888
PK6.Signal=LTDC_B7
PK7.Mode=RGB888
PK7.Signal=LTDC_DE
PZ0.Mode=Full_Duplex_Master
PZ0.Signal=I2S1_CK
PZ1.Mode=Full_Duplex_Master
PZ1.Signal=I2S1_SDI
PZ2.Mode=Full_Duplex_Master
PZ2.Signal=I2S1_SDO
PZ3.Mode=Full_Duplex_Master
PZ3.Signal=I2S1_WS
PZ4.Mode=I2C
PZ4.Signal=I2C4_SCL
PZ5.Mode=I2C
PZ5.Signal=I2C4_SDA
PZ6.Mode=Master_Clock_Activated
PZ6.Signal=I2S1_MCK
PinOutPanel.CurrentBGAView=Top
PinOutPanel.RotationAngle=0
ProjectManager.AskForMigrate=true
ProjectManager.BackupPrevious=false
ProjectManager.CompilerOptimize=6
ProjectManager.ComputerToolchain=false
ProjectManager.CoupleFile=false
ProjectManager.CustomerFirmwarePackage=
ProjectManager.DefaultFWLocation=true
ProjectManager.DeletePrevious=true
ProjectManager.DeviceId=STM32MP157DAAx
ProjectManager.DeviceTreeLocation=F\:\\STM32\\STM32MP157DAA\\CA7\\DeviceTree\\
ProjectManager.FirmwarePackage=STM32Cube FW_MP1 V1.2.0
ProjectManager.FreePins=false
ProjectManager.HalAssertFull=false
ProjectManager.HeapSize=0x200
ProjectManager.KeepUserCode=true
ProjectManager.LastFirmware=true
ProjectManager.LibraryCopy=0
ProjectManager.MainLocation=Core/Src
ProjectManager.NoMain=false
ProjectManager.PreviousToolchain=
ProjectManager.ProjectBuild=false
ProjectManager.ProjectFileName=STM32MP157DAA.ioc
ProjectManager.ProjectName=STM32MP157DAA
ProjectManager.RegisterCallBack=
ProjectManager.StackSize=0x400
ProjectManager.TargetToolchain=EWARM V8.32
ProjectManager.ToolChainLocation=
ProjectManager.UnderRoot=false
ProjectManager.functionlistsort=1-MX_GPIO_Init-GPIO-false-HAL-true,2-MX_DMA_Init-DMA-false-HAL-true,3-SystemClock_Config-RCC-false-HAL-false,4-MX_ETZPC_Init-ETZPC-false-HAL-true,5-MX_IPCC_Init-IPCC-false-HAL-true,6-MX_SPI5_Init-SPI5-false-HAL-true,7-MX_SPI2_Init-SPI2-false-HAL-true,8-MX_UART4_Init-UART4-false-HAL-true,0-MX_PWR_Init-PWR-false-HAL-true
RCC.ADCFreq_Value=100000000
RCC.AHB1234Freq_Value=64000000
RCC.APB1Freq_Value=64000000
RCC.APB2Freq_Value=64000000
RCC.APB3Freq_Value=64000000
RCC.APB4DIV=RCC_APB4_DIV2
RCC.APB4Freq_Value=33500000
RCC.APB5DIVClockFreq_Value=67000000
RCC.AXICLKFreq_VALUE=201000000
RCC.AXICLKSource=RCC_AXISSOURCE_PLL2
RCC.AXIDIVFreq_Value=67000000
RCC.AXI_Div=RCC_AXI_DIV3
RCC.CECFreq_Value=32768
RCC.CKPERCLKFreq_VALUE=64000000
RCC.CSI_VALUE=4000000
RCC.CortexFreq_Value=64000000
RCC.DACCLKFreq_VALUE=32000
RCC.DDRCFreq_Value=402000000
RCC.DDRPERFMFreq_Value=402000000
RCC.DDRPHYFreq_Value=402000000
RCC.DFSDFAFreq_Value=80000000
RCC.DFSDMFreq_Value=64000000
RCC.DIVM2=4
RCC.DIVM4=4
RCC.DIVP1Freq_Value=50000000
RCC.DIVP2Freq_Value=201000000
RCC.DIVP3Freq_Value=25000000
RCC.DIVP4=4
RCC.DIVP4Freq_Value=100000000
RCC.DIVQ1Freq_Value=25000000
RCC.DIVQ2=1
RCC.DIVQ2Freq_Value=402000000
RCC.DIVQ3Freq_Value=25000000
RCC.DIVQ4=5
RCC.DIVQ4Freq_Value=80000000
RCC.DIVR1Freq_Value=25000000
RCC.DIVR2=1
RCC.DIVR2Freq_Value=402000000
RCC.DIVR3Freq_Value=25000000
RCC.DIVR4=4
RCC.DIVR4Freq_Value=100000000
RCC.DSIFreq_Value=120000000
RCC.DSIPixelFreq_Value=80000000
RCC.DSITXEscFreq_Value=30000000
RCC.DSI_VALUE=120000000
RCC.ETHFreq_Value=100000000
RCC.FDCANFreq_Value=48000000
RCC.FMCFreq_Value=67000000
RCC.FamilyName=M
RCC.HSE_VALUE=48000000
RCC.HSIDivClkFreq_Value=64000000
RCC.HSI_VALUE=64000000
RCC.Hclk5DIVFreq_Value=67000000
RCC.Hclk6DIVFreq_Value=67000000
RCC.I2C12Freq_Value=64000000
RCC.I2C35Freq_Value=64000000
RCC.I2C46Freq_Value=67000000
RCC.IPParameters=ADCFreq_Value,AHB1234Freq_Value,APB1Freq_Value,APB2Freq_Value,APB3Freq_Value,APB4DIV,APB4Freq_Value,APB5DIVClockFreq_Value,AXICLKFreq_VALUE,AXICLKSource,AXIDIVFreq_Value,AXI_Div,CECFreq_Value,CKPERCLKFreq_VALUE,CSI_VALUE,CortexFreq_Value,DACCLKFreq_VALUE,DDRCFreq_Value,DDRPERFMFreq_Value,DDRPHYFreq_Value,DFSDFAFreq_Value,DFSDMFreq_Value,DIVM2,DIVM4,DIVP1Freq_Value,DIVP2Freq_Value,DIVP3Freq_Value,DIVP4,DIVP4Freq_Value,DIVQ1Freq_Value,DIVQ2,DIVQ2Freq_Value,DIVQ3Freq_Value,DIVQ4,DIVQ4Freq_Value,DIVR1Freq_Value,DIVR2,DIVR2Freq_Value,DIVR3Freq_Value,DIVR4,DIVR4Freq_Value,DSIFreq_Value,DSIPixelFreq_Value,DSITXEscFreq_Value,DSI_VALUE,ETHFreq_Value,FDCANFreq_Value,FMCFreq_Value,FamilyName,HSE_VALUE,HSIDivClkFreq_Value,HSI_VALUE,Hclk5DIVFreq_Value,Hclk6DIVFreq_Value,I2C12Freq_Value,I2C35Freq_Value,I2C46Freq_Value,LPTIM1Freq_Value,LPTIM23Freq_Value,LPTIM45Freq_Value,LSI_VALUE,LTDCFreq_Value,MCO1PinFreq_Value,MCO2PinFreq_Value,MCUCLKFreq_VALUE,MCUClockFreq_Value,MCUDIVCLKFreq_Value,MPUCLKFreq_VALUE,PLL1FRACV,PLL2FRACV,PLL3FRACV,PLL4FRACV,PLL4PDSIFreq_Value,PLLDSIFreq_Value,PLLDSIVCOFreq_Value,PUBLFreq_Value,QSPIFreq_Value,RNG1Freq_Value,RNG2Freq_Value,RTCFreq_Value,SAI1Freq_Value,SAI2Freq_Value,SAI3Freq_Value,SAI4Freq_Value,SDMMC12Freq_Value,SDMMC3Freq_Value,SPDIFRXFreq_Value,SPI1Freq_Value,SPI23Freq_Value,SPI45Freq_Value,SPI6Freq_Value,STGENFreq_Value,Tim1OutputFreq_Value,Tim2OutputFreq_Value,UART78Freq_Value,USART1Freq_Value,USART24Freq_Value,USART35Freq_Value,USART6Freq_Value,USBOHSFreq_Value,USBPHYFreq_Value,VCO1OutputFreq_Value,VCO2OutputFreq_Value,VCO3OutputFreq_Value,VCO4OutputFreq_Value,VCOInput1Freq_Value,VCOInput2Freq_Value,VCOInput3Freq_Value,VCOInput4Freq_Value
RCC.LPTIM1Freq_Value=64000000
RCC.LPTIM23Freq_Value=64000000
RCC.LPTIM45Freq_Value=64000000
RCC.LSI_VALUE=32000
RCC.LTDCFreq_Value=80000000
RCC.MCO1PinFreq_Value=64000000
RCC.MCO2PinFreq_Value=64000000
RCC.MCUCLKFreq_VALUE=64000000
RCC.MCUClockFreq_Value=64000000
RCC.MCUDIVCLKFreq_Value=64000000
RCC.MPUCLKFreq_VALUE=64000000
RCC.PLL1FRACV=0
RCC.PLL2FRACV=1024
RCC.PLL3FRACV=0
RCC.PLL4FRACV=0
RCC.PLL4PDSIFreq_Value=100000000
RCC.PLLDSIFreq_Value=960000000
RCC.PLLDSIVCOFreq_Value=1920000000
RCC.PUBLFreq_Value=402000000
RCC.QSPIFreq_Value=67000000
RCC.RNG1Freq_Value=4000000
RCC.RNG2Freq_Value=4000000
RCC.RTCFreq_Value=32000
RCC.SAI1Freq_Value=80000000
RCC.SAI2Freq_Value=80000000
RCC.SAI3Freq_Value=80000000
RCC.SAI4Freq_Value=80000000
RCC.SDMMC12Freq_Value=67000000
RCC.SDMMC3Freq_Value=64000000
RCC.SPDIFRXFreq_Value=100000000
RCC.SPI1Freq_Value=100000000
RCC.SPI23Freq_Value=100000000
RCC.SPI45Freq_Value=64000000
RCC.SPI6Freq_Value=67000000
RCC.STGENFreq_Value=64000000
RCC.Tim1OutputFreq_Value=64000000
RCC.Tim2OutputFreq_Value=64000000
RCC.UART78Freq_Value=64000000
RCC.USART1Freq_Value=67000000
RCC.USART24Freq_Value=64000000
RCC.USART35Freq_Value=64000000
RCC.USART6Freq_Value=64000000
RCC.USBOHSFreq_Value=100000000
RCC.USBPHYFreq_Value=100000000
RCC.VCO1OutputFreq_Value=100000000
RCC.VCO2OutputFreq_Value=804000000
RCC.VCO3OutputFreq_Value=50000000
RCC.VCO4OutputFreq_Value=400000000
RCC.VCOInput1Freq_Value=2000000
RCC.VCOInput2Freq_Value=16000000
RCC.VCOInput3Freq_Value=2000000
RCC.VCOInput4Freq_Value=16000000
SAI1.ErrorAudioFreq-SAI_A_MasterWithClock=-18.61 %
SAI1.ErrorAudioFreq-SAI_B_MasterWithClock=-18.61 %
SAI1.IPParameters=Instance-SAI_A_MasterWithClock,VirtualMode-SAI_A_MasterWithClock,MckOutput-SAI_A_MasterWithClock,RealAudioFreq-SAI_A_MasterWithClock,ErrorAudioFreq-SAI_A_MasterWithClock,Instance-SAI_B_MasterWithClock,VirtualMode-SAI_B_MasterWithClock,MckOutput-SAI_B_MasterWithClock,RealAudioFreq-SAI_B_MasterWithClock,ErrorAudioFreq-SAI_B_MasterWithClock
SAI1.Instance-SAI_A_MasterWithClock=SAI$Index_Block_A
SAI1.Instance-SAI_B_MasterWithClock=SAI$Index_Block_B
SAI1.MckOutput-SAI_A_MasterWithClock=SAI_MCK_OUTPUT_ENABLE
SAI1.MckOutput-SAI_B_MasterWithClock=SAI_MCK_OUTPUT_ENABLE
SAI1.RealAudioFreq-SAI_A_MasterWithClock=156.25 KHz
SAI1.RealAudioFreq-SAI_B_MasterWithClock=156.25 KHz
SAI1.VirtualMode-SAI_A_MasterWithClock=VM_MASTER
SAI1.VirtualMode-SAI_B_MasterWithClock=VM_MASTER
SAI2.ErrorAudioFreq-SAI_A_MasterWithClock=-18.61 %
SAI2.ErrorAudioFreq-SAI_B_MasterWithClock=-18.61 %
SAI2.IPParameters=Instance-SAI_A_MasterWithClock,VirtualMode-SAI_A_MasterWithClock,MckOutput-SAI_A_MasterWithClock,RealAudioFreq-SAI_A_MasterWithClock,ErrorAudioFreq-SAI_A_MasterWithClock,Instance-SAI_B_MasterWithClock,VirtualMode-SAI_B_MasterWithClock,MckOutput-SAI_B_MasterWithClock,RealAudioFreq-SAI_B_MasterWithClock,ErrorAudioFreq-SAI_B_MasterWithClock
SAI2.Instance-SAI_A_MasterWithClock=SAI$Index_Block_A
SAI2.Instance-SAI_B_MasterWithClock=SAI$Index_Block_B
SAI2.MckOutput-SAI_A_MasterWithClock=SAI_MCK_OUTPUT_ENABLE
SAI2.MckOutput-SAI_B_MasterWithClock=SAI_MCK_OUTPUT_ENABLE
SAI2.RealAudioFreq-SAI_A_MasterWithClock=156.25 KHz
SAI2.RealAudioFreq-SAI_B_MasterWithClock=156.25 KHz
SAI2.VirtualMode-SAI_A_MasterWithClock=VM_MASTER
SAI2.VirtualMode-SAI_B_MasterWithClock=VM_MASTER
SH.ADCx_INP0.0=ADC1_INP0,IN0-Single-Ended
SH.ADCx_INP0.ConfNb=1
SH.ADCx_INP1.0=ADC1_INP1,IN1-Single-Ended
SH.ADCx_INP1.ConfNb=1
SH.COMP_DAC11_group.0=DAC1_OUT1,DAC_OUT1
SH.COMP_DAC11_group.ConfNb=1
SH.COMP_DAC12_group.0=DAC1_OUT2,DAC_OUT2
SH.COMP_DAC12_group.ConfNb=1
SPI2.CalculateBaudRate=25.0 MBits/s
SPI2.Direction=SPI_DIRECTION_2LINES
SPI2.IPParameters=VirtualType,Mode,Direction,CalculateBaudRate,VirtualNSS
SPI2.Mode=SPI_MODE_MASTER
SPI2.VirtualNSS=VM_NSSHARD
SPI2.VirtualType=VM_MASTER
SPI5.CalculateBaudRate=16.0 MBits/s
SPI5.Direction=SPI_DIRECTION_2LINES
SPI5.IPParameters=VirtualType,Mode,Direction,CalculateBaudRate,VirtualNSS
SPI5.Mode=SPI_MODE_MASTER
SPI5.VirtualNSS=VM_NSSHARD
SPI5.VirtualType=VM_MASTER
USART1.IPParameters=VirtualMode-Asynchronous
USART1.VirtualMode-Asynchronous=VM_ASYNC
USART2.IPParameters=VirtualMode-Asynchronous
USART2.VirtualMode-Asynchronous=VM_ASYNC
USART3.IPParameters=VirtualMode-Asynchronous,VirtualMode-Hardware Flow Control (RS485)
USART3.VirtualMode-Asynchronous=VM_ASYNC
USART3.VirtualMode-Hardware\ Flow\ Control\ (RS485)=VM_ASYNC
USART6.IPParameters=VirtualMode-Asynchronous
USART6.VirtualMode-Asynchronous=VM_ASYNC
USB_DM1.Mode=Enable
USB_DM1.Signal=USBH_HS1_DM
USB_DM2.Mode=Ext_Phy_OTG/Dual-Role-Device-TypeC
USB_DM2.Signal=USB_OTG_HS_DM
USB_DP1.Mode=Enable
USB_DP1.Signal=USBH_HS1_DP
USB_DP2.Mode=Ext_Phy_OTG/Dual-Role-Device-TypeC
USB_DP2.Signal=USB_OTG_HS_DP
VP_BSEC_VS_BSEC.Mode=BSEC_Activate
VP_BSEC_VS_BSEC.Signal=BSEC_VS_BSEC
VP_DDR_DDR3.Mode=DDR3
VP_DDR_DDR3.Signal=DDR_DDR3
VP_DDR_DDR3_32_8Gb.Mode=8Gb_32bits
VP_DDR_DDR3_32_8Gb.Signal=DDR_DDR3_32_8Gb
VP_DDR_DDR_32_bits.Mode=32bits
VP_DDR_DDR_32_bits.Signal=DDR_DDR_32_bits
VP_DMA_VS_DMA1_A7NS.Mode=CortexA7NS
VP_DMA_VS_DMA1_A7NS.Signal=DMA_VS_DMA1_A7NS
VP_DMA_VS_DMA2_M4.Mode=CortexM4
VP_DMA_VS_DMA2_M4.Signal=DMA_VS_DMA2_M4
VP_ETZPC_VS_ETZPC.Mode=ETZPC_Activate
VP_ETZPC_VS_ETZPC.Signal=ETZPC_VS_ETZPC
VP_GPU_VS_GPU.Mode=GPU_Activate
VP_GPU_VS_GPU.Signal=GPU_VS_GPU
VP_HSEM_VS_HSEM.Mode=HSEM_Activate
VP_HSEM_VS_HSEM.Signal=HSEM_VS_HSEM
VP_IPCC_VS_IPCC.Mode=IPCC_Activate
VP_IPCC_VS_IPCC.Signal=IPCC_VS_IPCC
VP_MDMA_VS_MDMA_A7NS_8.Mode=8\:8
VP_MDMA_VS_MDMA_A7NS_8.Signal=MDMA_VS_MDMA_A7NS_8
VP_RTC_VS_RTC_Activate.Mode=RTC_Enabled
VP_RTC_VS_RTC_Activate.Signal=RTC_VS_RTC_Activate
VP_SYS_VS_Systick.Mode=SysTick
VP_SYS_VS_Systick.Signal=SYS_VS_Systick
VP_TAMP_VS_TAMP_Activate.Mode=TAMP_Enabled
VP_TAMP_VS_TAMP_Activate.Signal=TAMP_VS_TAMP_Activate
board=custom
